
Microsoft Visual Studio Solution File, Format Version 12.00
# Visual Studio 14
VisualStudioVersion = 14.0.25420.1
MinimumVisualStudioVersion = 10.0.40219.1
Project("{FAE04EC0-301F-11D3-BF4B-00C04F79EFBC}") = "UnitTestProject1", "UnitTestProject1\UnitTestProject1.csproj", "{CD8EC37B-B5A6-47E0-A81D-53465F8F97AD}"
EndProject
Global
	GlobalSection(SolutionConfigurationPlatforms) = preSolution
		Debug|Any CPU = Debug|Any CPU
		Release|Any CPU = Release|Any CPU
	EndGlobalSection
	GlobalSection(ProjectConfigurationPlatforms) = postSolution
		{CD8EC37B-B5A6-47E0-A81D-53465F8F97AD}.Debug|Any CPU.ActiveCfg = Debug|Any CPU
		{CD8EC37B-B5A6-47E0-A81D-53465F8F97AD}.Debug|Any CPU.Build.0 = Debug|Any CPU
		{CD8EC37B-B5A6-47E0-A81D-53465F8F97AD}.Release|Any CPU.ActiveCfg = Release|Any CPU
		{CD8EC37B-B5A6-47E0-A81D-53465F8F97AD}.Release|Any CPU.Build.0 = Release|Any CPU
	EndGlobalSection
	GlobalSection(SolutionProperties) = preSolution
		HideSolutionNode = FALSE
	EndGlobalSection
EndGlobal
